// !$*UTF8*$!
{
	archiveVersion = 1;
	classes = {
	};
	objectVersion = 46;
	objects = {

/* Begin PBXBuildFile section */
		FB8D52051F1CB85000C1C299 /* main.swift in Sources */ = {isa = PBXBuildFile; fileRef = FB8D52041F1CB85000C1C299 /* main.swift */; };
		FB982E0E1F4EB4B900354316 /* printc.cpp in Sources */ = {isa = PBXBuildFile; fileRef = FB982E0D1F4EB4B900354316 /* printc.cpp */; };
		FB9B62061F41A48400260903 /* printc.swift in Sources */ = {isa = PBXBuildFile; fileRef = FB9B62051F41A47600260903 /* printc.swift */; };
		FBCC672C1F399B2D00FB0CFC /* main.cpp in Sources */ = {isa = PBXBuildFile; fileRef = FBCC672B1F399B2D00FB0CFC /* main.cpp */; };
/* End PBXBuildFile section */

/* Begin PBXCopyFilesBuildPhase section */
		FB8D52001F1CB85000C1C299 /* CopyFiles */ = {
			isa = PBXCopyFilesBuildPhase;
			buildActionMask = 2147483647;
			dstPath = /usr/share/man/man1/;
			dstSubfolderSpec = 0;
			files = (
			);
			runOnlyForDeploymentPostprocessing = 1;
		};
		FBCC67271F399B2D00FB0CFC /* CopyFiles */ = {
			isa = PBXCopyFilesBuildPhase;
			buildActionMask = 2147483647;
			dstPath = /usr/share/man/man1/;
			dstSubfolderSpec = 0;
			files = (
			);
			runOnlyForDeploymentPostprocessing = 1;
		};
/* End PBXCopyFilesBuildPhase section */

/* Begin PBXFileReference section */
		FB8D52021F1CB85000C1C299 /* printc-swift */ = {isa = PBXFileReference; explicitFileType = "compiled.mach-o.executable"; includeInIndex = 0; path = "printc-swift"; sourceTree = BUILT_PRODUCTS_DIR; };
		FB8D52041F1CB85000C1C299 /* main.swift */ = {isa = PBXFileReference; lastKnownFileType = sourcecode.swift; path = main.swift; sourceTree = "<group>"; };
		FB982E0D1F4EB4B900354316 /* printc.cpp */ = {isa = PBXFileReference; fileEncoding = 4; lastKnownFileType = sourcecode.cpp.cpp; path = printc.cpp; sourceTree = "<group>"; };
		FB9B62031F41A47600260903 /* printc.hpp */ = {isa = PBXFileReference; lastKnownFileType = sourcecode.cpp.h; path = printc.hpp; sourceTree = "<group>"; };
		FB9B62051F41A47600260903 /* printc.swift */ = {isa = PBXFileReference; lastKnownFileType = sourcecode.swift; path = printc.swift; sourceTree = "<group>"; };
		FBCC67291F399B2D00FB0CFC /* printc-cpp */ = {isa = PBXFileReference; explicitFileType = "compiled.mach-o.executable"; includeInIndex = 0; path = "printc-cpp"; sourceTree = BUILT_PRODUCTS_DIR; };
		FBCC672B1F399B2D00FB0CFC /* main.cpp */ = {isa = PBXFileReference; lastKnownFileType = sourcecode.cpp.cpp; path = main.cpp; sourceTree = "<group>"; };
/* End PBXFileReference section */

/* Begin PBXFrameworksBuildPhase section */
		FB8D51FF1F1CB85000C1C299 /* Frameworks */ = {
			isa = PBXFrameworksBuildPhase;
			buildActionMask = 2147483647;
			files = (
			);
			runOnlyForDeploymentPostprocessing = 0;
		};
		FBCC67261F399B2D00FB0CFC /* Frameworks */ = {
			isa = PBXFrameworksBuildPhase;
			buildActionMask = 2147483647;
			files = (
			);
			runOnlyForDeploymentPostprocessing = 0;
		};
/* End PBXFrameworksBuildPhase section */

/* Begin PBXGroup section */
		FB8D51E81F1CAEED00C1C299 = {
			isa = PBXGroup;
			children = (
				FB9B62011F41A47600260903 /* src */,
				FB8D52031F1CB85000C1C299 /* printc-swift */,
				FBCC672A1F399B2D00FB0CFC /* printc-cpp */,
				FB8D51F21F1CAEED00C1C299 /* Products */,
			);
			sourceTree = "<group>";
		};
		FB8D51F21F1CAEED00C1C299 /* Products */ = {
			isa = PBXGroup;
			children = (
				FB8D52021F1CB85000C1C299 /* printc-swift */,
				FBCC67291F399B2D00FB0CFC /* printc-cpp */,
			);
			name = Products;
			sourceTree = "<group>";
		};
		FB8D52031F1CB85000C1C299 /* printc-swift */ = {
			isa = PBXGroup;
			children = (
				FB8D52041F1CB85000C1C299 /* main.swift */,
			);
			path = "printc-swift";
			sourceTree = "<group>";
		};
		FB9B62011F41A47600260903 /* src */ = {
			isa = PBXGroup;
			children = (
				FB9B62021F41A47600260903 /* C++ */,
				FB9B62041F41A47600260903 /* Swfit */,
			);
			path = src;
			sourceTree = "<group>";
		};
		FB9B62021F41A47600260903 /* C++ */ = {
			isa = PBXGroup;
			children = (
				FB9B62031F41A47600260903 /* printc.hpp */,
				FB982E0D1F4EB4B900354316 /* printc.cpp */,
			);
			path = "C++";
			sourceTree = "<group>";
		};
		FB9B62041F41A47600260903 /* Swfit */ = {
			isa = PBXGroup;
			children = (
				FB9B62051F41A47600260903 /* printc.swift */,
			);
			path = Swfit;
			sourceTree = "<group>";
		};
		FBCC672A1F399B2D00FB0CFC /* printc-cpp */ = {
			isa = PBXGroup;
			children = (
				FBCC672B1F399B2D00FB0CFC /* main.cpp */,
			);
			path = "printc-cpp";
			sourceTree = "<group>";
		};
/* End PBXGroup section */

/* Begin PBXNativeTarget section */
		FB8D52011F1CB85000C1C299 /* printc-swift */ = {
			isa = PBXNativeTarget;
			buildConfigurationList = FB8D52061F1CB85000C1C299 /* Build configuration list for PBXNativeTarget "printc-swift" */;
			buildPhases = (
				FB8D51FE1F1CB85000C1C299 /* Sources */,
				FB8D51FF1F1CB85000C1C299 /* Frameworks */,
				FB8D52001F1CB85000C1C299 /* CopyFiles */,
			);
			buildRules = (
			);
			dependencies = (
			);
			name = "printc-swift";
			productName = "printc-swift";
			productReference = FB8D52021F1CB85000C1C299 /* printc-swift */;
			productType = "com.apple.product-type.tool";
		};
		FBCC67281F399B2D00FB0CFC /* printc-cpp */ = {
			isa = PBXNativeTarget;
			buildConfigurationList = FBCC672F1F399B2D00FB0CFC /* Build configuration list for PBXNativeTarget "printc-cpp" */;
			buildPhases = (
				FBCC67251F399B2D00FB0CFC /* Sources */,
				FBCC67261F399B2D00FB0CFC /* Frameworks */,
				FBCC67271F399B2D00FB0CFC /* CopyFiles */,
			);
			buildRules = (
			);
			dependencies = (
			);
			name = "printc-cpp";
			productName = "printc-cpp";
			productReference = FBCC67291F399B2D00FB0CFC /* printc-cpp */;
			productType = "com.apple.product-type.tool";
		};
/* End PBXNativeTarget section */

/* Begin PBXProject section */
		FB8D51E91F1CAEED00C1C299 /* Project object */ = {
			isa = PBXProject;
			attributes = {
				LastSwiftUpdateCheck = 0830;
				LastUpgradeCheck = 0830;
				ORGANIZATIONNAME = hejunqiu;
				TargetAttributes = {
					FB8D52011F1CB85000C1C299 = {
						CreatedOnToolsVersion = 8.3.3;
						LastSwiftMigration = 0830;
						ProvisioningStyle = Automatic;
					};
					FBCC67281F399B2D00FB0CFC = {
						CreatedOnToolsVersion = 8.3.3;
						ProvisioningStyle = Automatic;
					};
				};
			};
			buildConfigurationList = FB8D51EC1F1CAEED00C1C299 /* Build configuration list for PBXProject "printc" */;
			compatibilityVersion = "Xcode 3.2";
			developmentRegion = English;
			hasScannedForEncodings = 0;
			knownRegions = (
				en,
			);
			mainGroup = FB8D51E81F1CAEED00C1C299;
			productRefGroup = FB8D51F21F1CAEED00C1C299 /* Products */;
			projectDirPath = "";
			projectRoot = "";
			targets = (
				FB8D52011F1CB85000C1C299 /* printc-swift */,
				FBCC67281F399B2D00FB0CFC /* printc-cpp */,
			);
		};
/* End PBXProject section */

/* Begin PBXSourcesBuildPhase section */
		FB8D51FE1F1CB85000C1C299 /* Sources */ = {
			isa = PBXSourcesBuildPhase;
			buildActionMask = 2147483647;
			files = (
				FB8D52051F1CB85000C1C299 /* main.swift in Sources */,
				FB9B62061F41A48400260903 /* printc.swift in Sources */,
			);
			runOnlyForDeploymentPostprocessing = 0;
		};
		FBCC67251F399B2D00FB0CFC /* Sources */ = {
			isa = PBXSourcesBuildPhase;
			buildActionMask = 2147483647;
			files = (
				FBCC672C1F399B2D00FB0CFC /* main.cpp in Sources */,
				FB982E0E1F4EB4B900354316 /* printc.cpp in Sources */,
			);
			runOnlyForDeploymentPostprocessing = 0;
		};
/* End PBXSourcesBuildPhase section */

/* Begin XCBuildConfiguration section */
		FB8D51F61F1CAEEE00C1C299 /* Debug */ = {
			isa = XCBuildConfiguration;
			buildSettings = {
				ALWAYS_SEARCH_USER_PATHS = NO;
				CLANG_ANALYZER_NONNULL = YES;
				CLANG_ANALYZER_NUMBER_OBJECT_CONVERSION = YES_AGGRESSIVE;
				CLANG_CXX_LANGUAGE_STANDARD = "gnu++0x";
				CLANG_CXX_LIBRARY = "libc++";
				CLANG_ENABLE_MODULES = YES;
				CLANG_ENABLE_OBJC_ARC = YES;
				CLANG_WARN_BOOL_CONVERSION = YES;
				CLANG_WARN_CONSTANT_CONVERSION = YES;
				CLANG_WARN_DIRECT_OBJC_ISA_USAGE = YES_ERROR;
				CLANG_WARN_DOCUMENTATION_COMMENTS = YES;
				CLANG_WARN_EMPTY_BODY = YES;
				CLANG_WARN_ENUM_CONVERSION = YES;
				CLANG_WARN_INFINITE_RECURSION = YES;
				CLANG_WARN_INT_CONVERSION = YES;
				CLANG_WARN_OBJC_ROOT_CLASS = YES_ERROR;
				CLANG_WARN_SUSPICIOUS_MOVE = YES;
				CLANG_WARN_UNREACHABLE_CODE = YES;
				CLANG_WARN__DUPLICATE_METHOD_MATCH = YES;
				CODE_SIGN_IDENTITY = "-";
				COPY_PHASE_STRIP = NO;
				DEBUG_INFORMATION_FORMAT = dwarf;
				ENABLE_STRICT_OBJC_MSGSEND = YES;
				ENABLE_TESTABILITY = YES;
				GCC_C_LANGUAGE_STANDARD = gnu99;
				GCC_DYNAMIC_NO_PIC = NO;
				GCC_NO_COMMON_BLOCKS = YES;
				GCC_OPTIMIZATION_LEVEL = 0;
				GCC_PREPROCESSOR_DEFINITIONS = (
					"DEBUG=1",
					"$(inherited)",
				);
				GCC_WARN_64_TO_32_BIT_CONVERSION = YES;
				GCC_WARN_ABOUT_RETURN_TYPE = YES_ERROR;
				GCC_WARN_UNDECLARED_SELECTOR = YES;
				GCC_WARN_UNINITIALIZED_AUTOS = YES_AGGRESSIVE;
				GCC_WARN_UNUSED_FUNCTION = YES;
				GCC_WARN_UNUSED_VARIABLE = YES;
				MACOSX_DEPLOYMENT_TARGET = 10.12;
				MTL_ENABLE_DEBUG_INFO = YES;
				ONLY_ACTIVE_ARCH = YES;
				SDKROOT = macosx;
			};
			name = Debug;
		};
		FB8D51F71F1CAEEE00C1C299 /* Release */ = {
			isa = XCBuildConfiguration;
			buildSettings = {
				ALWAYS_SEARCH_USER_PATHS = NO;
				CLANG_ANALYZER_NONNULL = YES;
				CLANG_ANALYZER_NUMBER_OBJECT_CONVERSION = YES_AGGRESSIVE;
				CLANG_CXX_LANGUAGE_STANDARD = "gnu++0x";
				CLANG_CXX_LIBRARY = "libc++";
				CLANG_ENABLE_MODULES = YES;
				CLANG_ENABLE_OBJC_ARC = YES;
				CLANG_WARN_BOOL_CONVERSION = YES;
				CLANG_WARN_CONSTANT_CONVERSION = YES;
				CLANG_WARN_DIRECT_OBJC_ISA_USAGE = YES_ERROR;
				CLANG_WARN_DOCUMENTATION_COMMENTS = YES;
				CLANG_WARN_EMPTY_BODY = YES;
				CLANG_WARN_ENUM_CONVERSION = YES;
				CLANG_WARN_INFINITE_RECURSION = YES;
				CLANG_WARN_INT_CONVERSION = YES;
				CLANG_WARN_OBJC_ROOT_CLASS = YES_ERROR;
				CLANG_WARN_SUSPICIOUS_MOVE = YES;
				CLANG_WARN_UNREACHABLE_CODE = YES;
				CLANG_WARN__DUPLICATE_METHOD_MATCH = YES;
				CODE_SIGN_IDENTITY = "-";
				COPY_PHASE_STRIP = NO;
				DEBUG_INFORMATION_FORMAT = "dwarf-with-dsym";
				ENABLE_NS_ASSERTIONS = NO;
				ENABLE_STRICT_OBJC_MSGSEND = YES;
				GCC_C_LANGUAGE_STANDARD = gnu99;
				GCC_NO_COMMON_BLOCKS = YES;
				GCC_WARN_64_TO_32_BIT_CONVERSION = YES;
				GCC_WARN_ABOUT_RETURN_TYPE = YES_ERROR;
				GCC_WARN_UNDECLARED_SELECTOR = YES;
				GCC_WARN_UNINITIALIZED_AUTOS = YES_AGGRESSIVE;
				GCC_WARN_UNUSED_FUNCTION = YES;
				GCC_WARN_UNUSED_VARIABLE = YES;
				MACOSX_DEPLOYMENT_TARGET = 10.12;
				MTL_ENABLE_DEBUG_INFO = NO;
				SDKROOT = macosx;
			};
			name = Release;
		};
		FB8D52071F1CB85000C1C299 /* Debug */ = {
			isa = XCBuildConfiguration;
			buildSettings = {
				CLANG_ENABLE_MODULES = YES;
				LD_RUNPATH_SEARCH_PATHS = "$(inherited) @executable_path/../Frameworks @loader_path/../Frameworks";
				PRODUCT_NAME = "$(TARGET_NAME)";
				SWIFT_OBJC_BRIDGING_HEADER = "";
				SWIFT_OPTIMIZATION_LEVEL = "-Onone";
				SWIFT_VERSION = 3.0;
			};
			name = Debug;
		};
		FB8D52081F1CB85000C1C299 /* Release */ = {
			isa = XCBuildConfiguration;
			buildSettings = {
				CLANG_ENABLE_MODULES = YES;
				DEPLOYMENT_POSTPROCESSING = YES;
				LD_RUNPATH_SEARCH_PATHS = "$(inherited) @executable_path/../Frameworks @loader_path/../Frameworks";
				PRODUCT_NAME = "$(TARGET_NAME)";
				SWIFT_OBJC_BRIDGING_HEADER = "";
				SWIFT_VERSION = 3.0;
			};
			name = Release;
		};
		FBCC672D1F399B2D00FB0CFC /* Debug */ = {
			isa = XCBuildConfiguration;
			buildSettings = {
				CLANG_CXX_LANGUAGE_STANDARD = "gnu++14";
				PRODUCT_NAME = "$(TARGET_NAME)";
			};
			name = Debug;
		};
		FBCC672E1F399B2D00FB0CFC /* Release */ = {
			isa = XCBuildConfiguration;
			buildSettings = {
				CLANG_CXX_LANGUAGE_STANDARD = "gnu++14";
				DEPLOYMENT_POSTPROCESSING = YES;
				PRODUCT_NAME = "$(TARGET_NAME)";
			};
			name = Release;
		};
/* End XCBuildConfiguration section */

/* Begin XCConfigurationList section */
		FB8D51EC1F1CAEED00C1C299 /* Build configuration list for PBXProject "printc" */ = {
			isa = XCConfigurationList;
			buildConfigurations = (
				FB8D51F61F1CAEEE00C1C299 /* Debug */,
				FB8D51F71F1CAEEE00C1C299 /* Release */,
			);
			defaultConfigurationIsVisible = 0;
			defaultConfigurationName = Release;
		};
		FB8D52061F1CB85000C1C299 /* Build configuration list for PBXNativeTarget "printc-swift" */ = {
			isa = XCConfigurationList;
			buildConfigurations = (
				FB8D52071F1CB85000C1C299 /* Debug */,
				FB8D52081F1CB85000C1C299 /* Release */,
			);
			defaultConfigurationIsVisible = 0;
			defaultConfigurationName = Release;
		};
		FBCC672F1F399B2D00FB0CFC /* Build configuration list for PBXNativeTarget "printc-cpp" */ = {
			isa = XCConfigurationList;
			buildConfigurations = (
				FBCC672D1F399B2D00FB0CFC /* Debug */,
				FBCC672E1F399B2D00FB0CFC /* Release */,
			);
			defaultConfigurationIsVisible = 0;
			defaultConfigurationName = Release;
		};
/* End XCConfigurationList section */
	};
	rootObject = FB8D51E91F1CAEED00C1C299 /* Project object */;
}
